
Microsoft Visual Studio Solution File, Format Version 12.00
# Visual Studio Version 17
VisualStudioVersion = 17.0.31903.59
MinimumVisualStudioVersion = 10.0.40219.1
Project("{FAE04EC0-301F-11D3-BF4B-00C04F79EFBC}") = "OrderApi", "OrderApi\OrderApi.csproj", "{A1261047-9CDC-4E59-8634-B2599353F31D}"
EndProject
Project("{FAE04EC0-301F-11D3-BF4B-00C04F79EFBC}") = "EmailWorker", "EmailWorker\EmailWorker.csproj", "{F8B398B0-38CF-4D35-B832-BC43CB440190}"
EndProject
Project("{FAE04EC0-301F-11D3-BF4B-00C04F79EFBC}") = "SharedModels", "SharedModels\SharedModels.csproj", "{EC29F022-D27E-4D45-AE24-15040D8CEFED}"
EndProject
Global
	GlobalSection(SolutionConfigurationPlatforms) = preSolution
		Debug|Any CPU = Debug|Any CPU
		Debug|x64 = Debug|x64
		Debug|x86 = Debug|x86
		Release|Any CPU = Release|Any CPU
		Release|x64 = Release|x64
		Release|x86 = Release|x86
	EndGlobalSection
	GlobalSection(ProjectConfigurationPlatforms) = postSolution
		{A1261047-9CDC-4E59-8634-B2599353F31D}.Debug|Any CPU.ActiveCfg = Debug|Any CPU
		{A1261047-9CDC-4E59-8634-B2599353F31D}.Debug|Any CPU.Build.0 = Debug|Any CPU
		{A1261047-9CDC-4E59-8634-B2599353F31D}.Debug|x64.ActiveCfg = Debug|Any CPU
		{A1261047-9CDC-4E59-8634-B2599353F31D}.Debug|x64.Build.0 = Debug|Any CPU
		{A1261047-9CDC-4E59-8634-B2599353F31D}.Debug|x86.ActiveCfg = Debug|Any CPU
		{A1261047-9CDC-4E59-8634-B2599353F31D}.Debug|x86.Build.0 = Debug|Any CPU
		{A1261047-9CDC-4E59-8634-B2599353F31D}.Release|Any CPU.ActiveCfg = Release|Any CPU
		{A1261047-9CDC-4E59-8634-B2599353F31D}.Release|Any CPU.Build.0 = Release|Any CPU
		{A1261047-9CDC-4E59-8634-B2599353F31D}.Release|x64.ActiveCfg = Release|Any CPU
		{A1261047-9CDC-4E59-8634-B2599353F31D}.Release|x64.Build.0 = Release|Any CPU
		{A1261047-9CDC-4E59-8634-B2599353F31D}.Release|x86.ActiveCfg = Release|Any CPU
		{A1261047-9CDC-4E59-8634-B2599353F31D}.Release|x86.Build.0 = Release|Any CPU
		{F8B398B0-38CF-4D35-B832-BC43CB440190}.Debug|Any CPU.ActiveCfg = Debug|Any CPU
		{F8B398B0-38CF-4D35-B832-BC43CB440190}.Debug|Any CPU.Build.0 = Debug|Any CPU
		{F8B398B0-38CF-4D35-B832-BC43CB440190}.Debug|x64.ActiveCfg = Debug|Any CPU
		{F8B398B0-38CF-4D35-B832-BC43CB440190}.Debug|x64.Build.0 = Debug|Any CPU
		{F8B398B0-38CF-4D35-B832-BC43CB440190}.Debug|x86.ActiveCfg = Debug|Any CPU
		{F8B398B0-38CF-4D35-B832-BC43CB440190}.Debug|x86.Build.0 = Debug|Any CPU
		{F8B398B0-38CF-4D35-B832-BC43CB440190}.Release|Any CPU.ActiveCfg = Release|Any CPU
		{F8B398B0-38CF-4D35-B832-BC43CB440190}.Release|Any CPU.Build.0 = Release|Any CPU
		{F8B398B0-38CF-4D35-B832-BC43CB440190}.Release|x64.ActiveCfg = Release|Any CPU
		{F8B398B0-38CF-4D35-B832-BC43CB440190}.Release|x64.Build.0 = Release|Any CPU
		{F8B398B0-38CF-4D35-B832-BC43CB440190}.Release|x86.ActiveCfg = Release|Any CPU
		{F8B398B0-38CF-4D35-B832-BC43CB440190}.Release|x86.Build.0 = Release|Any CPU
		{EC29F022-D27E-4D45-AE24-15040D8CEFED}.Debug|Any CPU.ActiveCfg = Debug|Any CPU
		{EC29F022-D27E-4D45-AE24-15040D8CEFED}.Debug|Any CPU.Build.0 = Debug|Any CPU
		{EC29F022-D27E-4D45-AE24-15040D8CEFED}.Debug|x64.ActiveCfg = Debug|Any CPU
		{EC29F022-D27E-4D45-AE24-15040D8CEFED}.Debug|x64.Build.0 = Debug|Any CPU
		{EC29F022-D27E-4D45-AE24-15040D8CEFED}.Debug|x86.ActiveCfg = Debug|Any CPU
		{EC29F022-D27E-4D45-AE24-15040D8CEFED}.Debug|x86.Build.0 = Debug|Any CPU
		{EC29F022-D27E-4D45-AE24-15040D8CEFED}.Release|Any CPU.ActiveCfg = Release|Any CPU
		{EC29F022-D27E-4D45-AE24-15040D8CEFED}.Release|Any CPU.Build.0 = Release|Any CPU
		{EC29F022-D27E-4D45-AE24-15040D8CEFED}.Release|x64.ActiveCfg = Release|Any CPU
		{EC29F022-D27E-4D45-AE24-15040D8CEFED}.Release|x64.Build.0 = Release|Any CPU
		{EC29F022-D27E-4D45-AE24-15040D8CEFED}.Release|x86.ActiveCfg = Release|Any CPU
		{EC29F022-D27E-4D45-AE24-15040D8CEFED}.Release|x86.Build.0 = Release|Any CPU
	EndGlobalSection
	GlobalSection(SolutionProperties) = preSolution
		HideSolutionNode = FALSE
	EndGlobalSection
EndGlobal
